
Microsoft Visual Studio Solution File, Format Version 12.00
# Visual Studio Version 17
VisualStudioVersion = 17.0.32014.148
MinimumVisualStudioVersion = 10.0.40219.1
Project("{9A19103F-16F7-4668-BE54-9A1E7A4F7556}") = "Berger.Extensions.GraphQL", "Berger.Extensions.GraphQL\Berger.Extensions.GraphQL.csproj", "{618025C7-59DC-487E-8AEB-1AD752A3D69A}"
EndProject
Global
	GlobalSection(SolutionConfigurationPlatforms) = preSolution
		Debug|Any CPU = Debug|Any CPU
		Release|Any CPU = Release|Any CPU
	EndGlobalSection
	GlobalSection(ProjectConfigurationPlatforms) = postSolution
		{618025C7-59DC-487E-8AEB-1AD752A3D69A}.Debug|Any CPU.ActiveCfg = Debug|Any CPU
		{618025C7-59DC-487E-8AEB-1AD752A3D69A}.Debug|Any CPU.Build.0 = Debug|Any CPU
		{618025C7-59DC-487E-8AEB-1AD752A3D69A}.Release|Any CPU.ActiveCfg = Release|Any CPU
		{618025C7-59DC-487E-8AEB-1AD752A3D69A}.Release|Any CPU.Build.0 = Release|Any CPU
	EndGlobalSection
	GlobalSection(SolutionProperties) = preSolution
		HideSolutionNode = FALSE
	EndGlobalSection
	GlobalSection(ExtensibilityGlobals) = postSolution
		SolutionGuid = {4961BE93-F316-4B63-8144-768113F9C617}
	EndGlobalSection
EndGlobal
